
Microsoft Visual Studio Solution File, Format Version 12.00
# Visual Studio Version 17
VisualStudioVersion = 17.4.33213.308
MinimumVisualStudioVersion = 10.0.40219.1
Project("{9A19103F-16F7-4668-BE54-9A1E7A4F7556}") = "CQRS_Mediator_EF_Api", "CQRS_Mediator_EF_Api\CQRS_Mediator_EF_Api.csproj", "{66AB8BE9-BC93-4991-A6B4-55FBDF7F3545}"
EndProject
Global
	GlobalSection(SolutionConfigurationPlatforms) = preSolution
		Debug|Any CPU = Debug|Any CPU
		Release|Any CPU = Release|Any CPU
	EndGlobalSection
	GlobalSection(ProjectConfigurationPlatforms) = postSolution
		{66AB8BE9-BC93-4991-A6B4-55FBDF7F3545}.Debug|Any CPU.ActiveCfg = Debug|Any CPU
		{66AB8BE9-BC93-4991-A6B4-55FBDF7F3545}.Debug|Any CPU.Build.0 = Debug|Any CPU
		{66AB8BE9-BC93-4991-A6B4-55FBDF7F3545}.Release|Any CPU.ActiveCfg = Release|Any CPU
		{66AB8BE9-BC93-4991-A6B4-55FBDF7F3545}.Release|Any CPU.Build.0 = Release|Any CPU
	EndGlobalSection
	GlobalSection(SolutionProperties) = preSolution
		HideSolutionNode = FALSE
	EndGlobalSection
	GlobalSection(ExtensibilityGlobals) = postSolution
		SolutionGuid = {53C872A8-CDCD-4A49-B01F-06550DD56BEF}
	EndGlobalSection
EndGlobal
